[{<<"gb_merkle_trees">>,
  {git,"https://github.com/KrzysiekJ/gb_merkle_trees.git",
       {ref,"8ca2b71bcd87777eb10f25119a393ba7b4b3c219"}},
  0},
 {<<"jsx">>,
  {git,"https://github.com/cleverfox/jsx.git",
       {ref,"362f0b4aa9d982a33dcb3e7d8ced80ec755b64a1"}},
  0},
 {<<"msgpack">>,
  {git,"https://github.com/cleverfox/msgpack-erlang",
       {ref,"40e758e9a1c6b538ca4ca0522a711ce4380b6860"}},
  0}].
